
Microsoft Visual Studio Solution File, Format Version 12.00
# Visual Studio for Mac
Project("{FAE04EC0-301F-11D3-BF4B-00C04F79EFBC}") = "Assembly-CSharp", "Assembly-CSharp.csproj", "{5A788A0C-D73C-6573-28D5-A11956F452EB}"
EndProject
Project("{FAE04EC0-301F-11D3-BF4B-00C04F79EFBC}") = "Assembly-CSharp-Editor", "Assembly-CSharp-Editor.csproj", "{AB71939D-CBF1-C947-C5E0-2A4E77F4C3D3}"
EndProject
Global
	GlobalSection(SolutionConfigurationPlatforms) = preSolution
		Debug|Any CPU = Debug|Any CPU
		Release|Any CPU = Release|Any CPU
	EndGlobalSection
	GlobalSection(ProjectConfigurationPlatforms) = postSolution
		{5A788A0C-D73C-6573-28D5-A11956F452EB}.Debug|Any CPU.ActiveCfg = Debug|Any CPU
		{5A788A0C-D73C-6573-28D5-A11956F452EB}.Debug|Any CPU.Build.0 = Debug|Any CPU
		{5A788A0C-D73C-6573-28D5-A11956F452EB}.Release|Any CPU.ActiveCfg = Release|Any CPU
		{5A788A0C-D73C-6573-28D5-A11956F452EB}.Release|Any CPU.Build.0 = Release|Any CPU
		{AB71939D-CBF1-C947-C5E0-2A4E77F4C3D3}.Debug|Any CPU.ActiveCfg = Debug|Any CPU
		{AB71939D-CBF1-C947-C5E0-2A4E77F4C3D3}.Debug|Any CPU.Build.0 = Debug|Any CPU
		{AB71939D-CBF1-C947-C5E0-2A4E77F4C3D3}.Release|Any CPU.ActiveCfg = Release|Any CPU
		{AB71939D-CBF1-C947-C5E0-2A4E77F4C3D3}.Release|Any CPU.Build.0 = Release|Any CPU
	EndGlobalSection
	GlobalSection(SolutionProperties) = preSolution
		HideSolutionNode = FALSE
	EndGlobalSection
	GlobalSection(MonoDevelopProperties) = preSolution
		StartupItem = Assembly-CSharp.csproj
	EndGlobalSection
EndGlobal
